// !$*UTF8*$!
{
	archiveVersion = 1;
	classes = {
	};
	objectVersion = 50;
	objects = {

/* Begin PBXBuildFile section */
		E33365B42262CC1400EB10F6 /* AppDelegate.swift in Sources */ = {isa = PBXBuildFile; fileRef = E33365B32262CC1400EB10F6 /* AppDelegate.swift */; };
		E33365BB2262CC1600EB10F6 /* Assets.xcassets in Resources */ = {isa = PBXBuildFile; fileRef = E33365BA2262CC1600EB10F6 /* Assets.xcassets */; };
		E33365BE2262CC1600EB10F6 /* LaunchScreen.storyboard in Resources */ = {isa = PBXBuildFile; fileRef = E33365BC2262CC1600EB10F6 /* LaunchScreen.storyboard */; };
		E33365C82262CFB500EB10F6 /* MainVC.swift in Sources */ = {isa = PBXBuildFile; fileRef = E33365C62262CFB500EB10F6 /* MainVC.swift */; };
		E33365C92262CFB500EB10F6 /* MainVC.xib in Resources */ = {isa = PBXBuildFile; fileRef = E33365C72262CFB500EB10F6 /* MainVC.xib */; };
		E33365DD2262D74600EB10F6 /* MMShare.swift in Sources */ = {isa = PBXBuildFile; fileRef = E33365CB2262D74600EB10F6 /* MMShare.swift */; };
		E33365DE2262D74600EB10F6 /* MMExtension.swift in Sources */ = {isa = PBXBuildFile; fileRef = E33365CC2262D74600EB10F6 /* MMExtension.swift */; };
		E33365DF2262D74600EB10F6 /* MMConvert.swift in Sources */ = {isa = PBXBuildFile; fileRef = E33365CD2262D74600EB10F6 /* MMConvert.swift */; };
		E33365E02262D74600EB10F6 /* MMButton.swift in Sources */ = {isa = PBXBuildFile; fileRef = E33365CE2262D74600EB10F6 /* MMButton.swift */; };
		E33365E12262D74600EB10F6 /* googleicon.ttf in Resources */ = {isa = PBXBuildFile; fileRef = E33365CF2262D74600EB10F6 /* googleicon.ttf */; };
		E33365E22262D74600EB10F6 /* MMFrame.swift in Sources */ = {isa = PBXBuildFile; fileRef = E33365D02262D74600EB10F6 /* MMFrame.swift */; };
		E33365E32262D74600EB10F6 /* MMMsg.swift in Sources */ = {isa = PBXBuildFile; fileRef = E33365D12262D74600EB10F6 /* MMMsg.swift */; };
		E33365E42262D74600EB10F6 /* MMColor.swift in Sources */ = {isa = PBXBuildFile; fileRef = E33365D22262D74600EB10F6 /* MMColor.swift */; };
		E33365E52262D74600EB10F6 /* MMIO.swift in Sources */ = {isa = PBXBuildFile; fileRef = E33365D32262D74600EB10F6 /* MMIO.swift */; };
		E33365E62262D74600EB10F6 /* MMLog.swift in Sources */ = {isa = PBXBuildFile; fileRef = E33365D42262D74600EB10F6 /* MMLog.swift */; };
		E33365E72262D74600EB10F6 /* MMStr.swift in Sources */ = {isa = PBXBuildFile; fileRef = E33365D52262D74600EB10F6 /* MMStr.swift */; };
		E33365E82262D74600EB10F6 /* MMConst.swift in Sources */ = {isa = PBXBuildFile; fileRef = E33365D62262D74600EB10F6 /* MMConst.swift */; };
		E33365E92262D74600EB10F6 /* MMMath.swift in Sources */ = {isa = PBXBuildFile; fileRef = E33365D72262D74600EB10F6 /* MMMath.swift */; };
		E33365EA2262D74600EB10F6 /* MMDate.swift in Sources */ = {isa = PBXBuildFile; fileRef = E33365D82262D74600EB10F6 /* MMDate.swift */; };
		E33365EB2262D74600EB10F6 /* MMEnum.swift in Sources */ = {isa = PBXBuildFile; fileRef = E33365D92262D74600EB10F6 /* MMEnum.swift */; };
		E33365EC2262D74600EB10F6 /* MMPdf.swift in Sources */ = {isa = PBXBuildFile; fileRef = E33365DA2262D74600EB10F6 /* MMPdf.swift */; };
		E33365ED2262D74600EB10F6 /* MMFile.swift in Sources */ = {isa = PBXBuildFile; fileRef = E33365DB2262D74600EB10F6 /* MMFile.swift */; };
		E33365EE2262D74600EB10F6 /* MMCode.swift in Sources */ = {isa = PBXBuildFile; fileRef = E33365DC2262D74600EB10F6 /* MMCode.swift */; };
		E33365F02262D8B400EB10F6 /* MetroVC.swift in Sources */ = {isa = PBXBuildFile; fileRef = E33365EF2262D8B400EB10F6 /* MetroVC.swift */; };
		E33365F32262DADB00EB10F6 /* PopMetroVC.swift in Sources */ = {isa = PBXBuildFile; fileRef = E33365F12262DADB00EB10F6 /* PopMetroVC.swift */; };
		E33365F42262DADB00EB10F6 /* PopMetroVC.xib in Resources */ = {isa = PBXBuildFile; fileRef = E33365F22262DADB00EB10F6 /* PopMetroVC.xib */; };
		E33365F62262E35400EB10F6 /* routemap_sh_cn.pdf in Resources */ = {isa = PBXBuildFile; fileRef = E33365F52262E35400EB10F6 /* routemap_sh_cn.pdf */; };
/* End PBXBuildFile section */

/* Begin PBXFileReference section */
		E33365B02262CC1400EB10F6 /* TestOne.app */ = {isa = PBXFileReference; explicitFileType = wrapper.application; includeInIndex = 0; path = TestOne.app; sourceTree = BUILT_PRODUCTS_DIR; };
		E33365B32262CC1400EB10F6 /* AppDelegate.swift */ = {isa = PBXFileReference; lastKnownFileType = sourcecode.swift; path = AppDelegate.swift; sourceTree = "<group>"; };
		E33365BA2262CC1600EB10F6 /* Assets.xcassets */ = {isa = PBXFileReference; lastKnownFileType = folder.assetcatalog; path = Assets.xcassets; sourceTree = "<group>"; };
		E33365BD2262CC1600EB10F6 /* Base */ = {isa = PBXFileReference; lastKnownFileType = file.storyboard; name = Base; path = Base.lproj/LaunchScreen.storyboard; sourceTree = "<group>"; };
		E33365BF2262CC1600EB10F6 /* Info.plist */ = {isa = PBXFileReference; lastKnownFileType = text.plist.xml; path = Info.plist; sourceTree = "<group>"; };
		E33365C62262CFB500EB10F6 /* MainVC.swift */ = {isa = PBXFileReference; lastKnownFileType = sourcecode.swift; path = MainVC.swift; sourceTree = "<group>"; };
		E33365C72262CFB500EB10F6 /* MainVC.xib */ = {isa = PBXFileReference; lastKnownFileType = file.xib; path = MainVC.xib; sourceTree = "<group>"; };
		E33365CB2262D74600EB10F6 /* MMShare.swift */ = {isa = PBXFileReference; fileEncoding = 4; lastKnownFileType = sourcecode.swift; path = MMShare.swift; sourceTree = "<group>"; };
		E33365CC2262D74600EB10F6 /* MMExtension.swift */ = {isa = PBXFileReference; fileEncoding = 4; lastKnownFileType = sourcecode.swift; path = MMExtension.swift; sourceTree = "<group>"; };
		E33365CD2262D74600EB10F6 /* MMConvert.swift */ = {isa = PBXFileReference; fileEncoding = 4; lastKnownFileType = sourcecode.swift; path = MMConvert.swift; sourceTree = "<group>"; };
		E33365CE2262D74600EB10F6 /* MMButton.swift */ = {isa = PBXFileReference; fileEncoding = 4; lastKnownFileType = sourcecode.swift; path = MMButton.swift; sourceTree = "<group>"; };
		E33365CF2262D74600EB10F6 /* googleicon.ttf */ = {isa = PBXFileReference; lastKnownFileType = file; path = googleicon.ttf; sourceTree = "<group>"; };
		E33365D02262D74600EB10F6 /* MMFrame.swift */ = {isa = PBXFileReference; fileEncoding = 4; lastKnownFileType = sourcecode.swift; path = MMFrame.swift; sourceTree = "<group>"; };
		E33365D12262D74600EB10F6 /* MMMsg.swift */ = {isa = PBXFileReference; fileEncoding = 4; lastKnownFileType = sourcecode.swift; path = MMMsg.swift; sourceTree = "<group>"; };
		E33365D22262D74600EB10F6 /* MMColor.swift */ = {isa = PBXFileReference; fileEncoding = 4; lastKnownFileType = sourcecode.swift; path = MMColor.swift; sourceTree = "<group>"; };
		E33365D32262D74600EB10F6 /* MMIO.swift */ = {isa = PBXFileReference; fileEncoding = 4; lastKnownFileType = sourcecode.swift; path = MMIO.swift; sourceTree = "<group>"; };
		E33365D42262D74600EB10F6 /* MMLog.swift */ = {isa = PBXFileReference; fileEncoding = 4; lastKnownFileType = sourcecode.swift; path = MMLog.swift; sourceTree = "<group>"; };
		E33365D52262D74600EB10F6 /* MMStr.swift */ = {isa = PBXFileReference; fileEncoding = 4; lastKnownFileType = sourcecode.swift; path = MMStr.swift; sourceTree = "<group>"; };
		E33365D62262D74600EB10F6 /* MMConst.swift */ = {isa = PBXFileReference; fileEncoding = 4; lastKnownFileType = sourcecode.swift; path = MMConst.swift; sourceTree = "<group>"; };
		E33365D72262D74600EB10F6 /* MMMath.swift */ = {isa = PBXFileReference; fileEncoding = 4; lastKnownFileType = sourcecode.swift; path = MMMath.swift; sourceTree = "<group>"; };
		E33365D82262D74600EB10F6 /* MMDate.swift */ = {isa = PBXFileReference; fileEncoding = 4; lastKnownFileType = sourcecode.swift; path = MMDate.swift; sourceTree = "<group>"; };
		E33365D92262D74600EB10F6 /* MMEnum.swift */ = {isa = PBXFileReference; fileEncoding = 4; lastKnownFileType = sourcecode.swift; path = MMEnum.swift; sourceTree = "<group>"; };
		E33365DA2262D74600EB10F6 /* MMPdf.swift */ = {isa = PBXFileReference; fileEncoding = 4; lastKnownFileType = sourcecode.swift; path = MMPdf.swift; sourceTree = "<group>"; };
		E33365DB2262D74600EB10F6 /* MMFile.swift */ = {isa = PBXFileReference; fileEncoding = 4; lastKnownFileType = sourcecode.swift; path = MMFile.swift; sourceTree = "<group>"; };
		E33365DC2262D74600EB10F6 /* MMCode.swift */ = {isa = PBXFileReference; fileEncoding = 4; lastKnownFileType = sourcecode.swift; path = MMCode.swift; sourceTree = "<group>"; };
		E33365EF2262D8B400EB10F6 /* MetroVC.swift */ = {isa = PBXFileReference; lastKnownFileType = sourcecode.swift; path = MetroVC.swift; sourceTree = "<group>"; };
		E33365F12262DADB00EB10F6 /* PopMetroVC.swift */ = {isa = PBXFileReference; lastKnownFileType = sourcecode.swift; path = PopMetroVC.swift; sourceTree = "<group>"; };
		E33365F22262DADB00EB10F6 /* PopMetroVC.xib */ = {isa = PBXFileReference; lastKnownFileType = file.xib; path = PopMetroVC.xib; sourceTree = "<group>"; };
		E33365F52262E35400EB10F6 /* routemap_sh_cn.pdf */ = {isa = PBXFileReference; lastKnownFileType = image.pdf; path = routemap_sh_cn.pdf; sourceTree = "<group>"; };
/* End PBXFileReference section */

/* Begin PBXFrameworksBuildPhase section */
		E33365AD2262CC1400EB10F6 /* Frameworks */ = {
			isa = PBXFrameworksBuildPhase;
			buildActionMask = 2147483647;
			files = (
			);
			runOnlyForDeploymentPostprocessing = 0;
		};
/* End PBXFrameworksBuildPhase section */

/* Begin PBXGroup section */
		E33365A72262CC1400EB10F6 = {
			isa = PBXGroup;
			children = (
				E33365CA2262D74600EB10F6 /* MMLib */,
				E33365B22262CC1400EB10F6 /* TestOne */,
				E33365B12262CC1400EB10F6 /* Products */,
			);
			sourceTree = "<group>";
		};
		E33365B12262CC1400EB10F6 /* Products */ = {
			isa = PBXGroup;
			children = (
				E33365B02262CC1400EB10F6 /* TestOne.app */,
			);
			name = Products;
			sourceTree = "<group>";
		};
		E33365B22262CC1400EB10F6 /* TestOne */ = {
			isa = PBXGroup;
			children = (
				E33365F52262E35400EB10F6 /* routemap_sh_cn.pdf */,
				E33365C52262CF5900EB10F6 /* UI */,
				E33365B32262CC1400EB10F6 /* AppDelegate.swift */,
				E33365BA2262CC1600EB10F6 /* Assets.xcassets */,
				E33365BC2262CC1600EB10F6 /* LaunchScreen.storyboard */,
				E33365BF2262CC1600EB10F6 /* Info.plist */,
			);
			path = TestOne;
			sourceTree = "<group>";
		};
		E33365C52262CF5900EB10F6 /* UI */ = {
			isa = PBXGroup;
			children = (
				E33365C62262CFB500EB10F6 /* MainVC.swift */,
				E33365C72262CFB500EB10F6 /* MainVC.xib */,
				E33365EF2262D8B400EB10F6 /* MetroVC.swift */,
				E33365F12262DADB00EB10F6 /* PopMetroVC.swift */,
				E33365F22262DADB00EB10F6 /* PopMetroVC.xib */,
			);
			path = UI;
			sourceTree = "<group>";
		};
		E33365CA2262D74600EB10F6 /* MMLib */ = {
			isa = PBXGroup;
			children = (
				E33365CB2262D74600EB10F6 /* MMShare.swift */,
				E33365CC2262D74600EB10F6 /* MMExtension.swift */,
				E33365CD2262D74600EB10F6 /* MMConvert.swift */,
				E33365CE2262D74600EB10F6 /* MMButton.swift */,
				E33365CF2262D74600EB10F6 /* googleicon.ttf */,
				E33365D02262D74600EB10F6 /* MMFrame.swift */,
				E33365D12262D74600EB10F6 /* MMMsg.swift */,
				E33365D22262D74600EB10F6 /* MMColor.swift */,
				E33365D32262D74600EB10F6 /* MMIO.swift */,
				E33365D42262D74600EB10F6 /* MMLog.swift */,
				E33365D52262D74600EB10F6 /* MMStr.swift */,
				E33365D62262D74600EB10F6 /* MMConst.swift */,
				E33365D72262D74600EB10F6 /* MMMath.swift */,
				E33365D82262D74600EB10F6 /* MMDate.swift */,
				E33365D92262D74600EB10F6 /* MMEnum.swift */,
				E33365DA2262D74600EB10F6 /* MMPdf.swift */,
				E33365DB2262D74600EB10F6 /* MMFile.swift */,
				E33365DC2262D74600EB10F6 /* MMCode.swift */,
			);
			path = MMLib;
			sourceTree = "<group>";
		};
/* End PBXGroup section */

/* Begin PBXNativeTarget section */
		E33365AF2262CC1400EB10F6 /* TestOne */ = {
			isa = PBXNativeTarget;
			buildConfigurationList = E33365C22262CC1600EB10F6 /* Build configuration list for PBXNativeTarget "TestOne" */;
			buildPhases = (
				E33365AC2262CC1400EB10F6 /* Sources */,
				E33365AD2262CC1400EB10F6 /* Frameworks */,
				E33365AE2262CC1400EB10F6 /* Resources */,
			);
			buildRules = (
			);
			dependencies = (
			);
			name = TestOne;
			productName = TestOne;
			productReference = E33365B02262CC1400EB10F6 /* TestOne.app */;
			productType = "com.apple.product-type.application";
		};
/* End PBXNativeTarget section */

/* Begin PBXProject section */
		E33365A82262CC1400EB10F6 /* Project object */ = {
			isa = PBXProject;
			attributes = {
				LastSwiftUpdateCheck = 1020;
				LastUpgradeCheck = 1020;
				ORGANIZATIONNAME = MetroMan;
				TargetAttributes = {
					E33365AF2262CC1400EB10F6 = {
						CreatedOnToolsVersion = 10.2;
					};
				};
			};
			buildConfigurationList = E33365AB2262CC1400EB10F6 /* Build configuration list for PBXProject "TestOne" */;
			compatibilityVersion = "Xcode 9.3";
			developmentRegion = en;
			hasScannedForEncodings = 0;
			knownRegions = (
				en,
				Base,
			);
			mainGroup = E33365A72262CC1400EB10F6;
			productRefGroup = E33365B12262CC1400EB10F6 /* Products */;
			projectDirPath = "";
			projectRoot = "";
			targets = (
				E33365AF2262CC1400EB10F6 /* TestOne */,
			);
		};
/* End PBXProject section */

/* Begin PBXResourcesBuildPhase section */
		E33365AE2262CC1400EB10F6 /* Resources */ = {
			isa = PBXResourcesBuildPhase;
			buildActionMask = 2147483647;
			files = (
				E33365E12262D74600EB10F6 /* googleicon.ttf in Resources */,
				E33365BE2262CC1600EB10F6 /* LaunchScreen.storyboard in Resources */,
				E33365C92262CFB500EB10F6 /* MainVC.xib in Resources */,
				E33365F42262DADB00EB10F6 /* PopMetroVC.xib in Resources */,
				E33365BB2262CC1600EB10F6 /* Assets.xcassets in Resources */,
				E33365F62262E35400EB10F6 /* routemap_sh_cn.pdf in Resources */,
			);
			runOnlyForDeploymentPostprocessing = 0;
		};
/* End PBXResourcesBuildPhase section */

/* Begin PBXSourcesBuildPhase section */
		E33365AC2262CC1400EB10F6 /* Sources */ = {
			isa = PBXSourcesBuildPhase;
			buildActionMask = 2147483647;
			files = (
				E33365EC2262D74600EB10F6 /* MMPdf.swift in Sources */,
				E33365C82262CFB500EB10F6 /* MainVC.swift in Sources */,
				E33365E92262D74600EB10F6 /* MMMath.swift in Sources */,
				E33365E02262D74600EB10F6 /* MMButton.swift in Sources */,
				E33365F02262D8B400EB10F6 /* MetroVC.swift in Sources */,
				E33365DD2262D74600EB10F6 /* MMShare.swift in Sources */,
				E33365E22262D74600EB10F6 /* MMFrame.swift in Sources */,
				E33365E42262D74600EB10F6 /* MMColor.swift in Sources */,
				E33365EE2262D74600EB10F6 /* MMCode.swift in Sources */,
				E33365EB2262D74600EB10F6 /* MMEnum.swift in Sources */,
				E33365E72262D74600EB10F6 /* MMStr.swift in Sources */,
				E33365B42262CC1400EB10F6 /* AppDelegate.swift in Sources */,
				E33365DE2262D74600EB10F6 /* MMExtension.swift in Sources */,
				E33365DF2262D74600EB10F6 /* MMConvert.swift in Sources */,
				E33365E62262D74600EB10F6 /* MMLog.swift in Sources */,
				E33365E32262D74600EB10F6 /* MMMsg.swift in Sources */,
				E33365F32262DADB00EB10F6 /* PopMetroVC.swift in Sources */,
				E33365EA2262D74600EB10F6 /* MMDate.swift in Sources */,
				E33365E52262D74600EB10F6 /* MMIO.swift in Sources */,
				E33365E82262D74600EB10F6 /* MMConst.swift in Sources */,
				E33365ED2262D74600EB10F6 /* MMFile.swift in Sources */,
			);
			runOnlyForDeploymentPostprocessing = 0;
		};
/* End PBXSourcesBuildPhase section */

/* Begin PBXVariantGroup section */
		E33365BC2262CC1600EB10F6 /* LaunchScreen.storyboard */ = {
			isa = PBXVariantGroup;
			children = (
				E33365BD2262CC1600EB10F6 /* Base */,
			);
			name = LaunchScreen.storyboard;
			sourceTree = "<group>";
		};
/* End PBXVariantGroup section */

/* Begin XCBuildConfiguration section */
		E33365C02262CC1600EB10F6 /* Debug */ = {
			isa = XCBuildConfiguration;
			buildSettings = {
				ALWAYS_SEARCH_USER_PATHS = NO;
				CLANG_ANALYZER_NONNULL = YES;
				CLANG_ANALYZER_NUMBER_OBJECT_CONVERSION = YES_AGGRESSIVE;
				CLANG_CXX_LANGUAGE_STANDARD = "gnu++14";
				CLANG_CXX_LIBRARY = "libc++";
				CLANG_ENABLE_MODULES = YES;
				CLANG_ENABLE_OBJC_ARC = YES;
				CLANG_ENABLE_OBJC_WEAK = YES;
				CLANG_WARN_BLOCK_CAPTURE_AUTORELEASING = YES;
				CLANG_WARN_BOOL_CONVERSION = YES;
				CLANG_WARN_COMMA = YES;
				CLANG_WARN_CONSTANT_CONVERSION = YES;
				CLANG_WARN_DEPRECATED_OBJC_IMPLEMENTATIONS = YES;
				CLANG_WARN_DIRECT_OBJC_ISA_USAGE = YES_ERROR;
				CLANG_WARN_DOCUMENTATION_COMMENTS = YES;
				CLANG_WARN_EMPTY_BODY = YES;
				CLANG_WARN_ENUM_CONVERSION = YES;
				CLANG_WARN_INFINITE_RECURSION = YES;
				CLANG_WARN_INT_CONVERSION = YES;
				CLANG_WARN_NON_LITERAL_NULL_CONVERSION = YES;
				CLANG_WARN_OBJC_IMPLICIT_RETAIN_SELF = YES;
				CLANG_WARN_OBJC_LITERAL_CONVERSION = YES;
				CLANG_WARN_OBJC_ROOT_CLASS = YES_ERROR;
				CLANG_WARN_RANGE_LOOP_ANALYSIS = YES;
				CLANG_WARN_STRICT_PROTOTYPES = YES;
				CLANG_WARN_SUSPICIOUS_MOVE = YES;
				CLANG_WARN_UNGUARDED_AVAILABILITY = YES_AGGRESSIVE;
				CLANG_WARN_UNREACHABLE_CODE = YES;
				CLANG_WARN__DUPLICATE_METHOD_MATCH = YES;
				CODE_SIGN_IDENTITY = "iPhone Developer";
				COPY_PHASE_STRIP = NO;
				DEBUG_INFORMATION_FORMAT = dwarf;
				ENABLE_STRICT_OBJC_MSGSEND = YES;
				ENABLE_TESTABILITY = YES;
				GCC_C_LANGUAGE_STANDARD = gnu11;
				GCC_DYNAMIC_NO_PIC = NO;
				GCC_NO_COMMON_BLOCKS = YES;
				GCC_OPTIMIZATION_LEVEL = 0;
				GCC_PREPROCESSOR_DEFINITIONS = (
					"DEBUG=1",
					"$(inherited)",
				);
				GCC_WARN_64_TO_32_BIT_CONVERSION = YES;
				GCC_WARN_ABOUT_RETURN_TYPE = YES_ERROR;
				GCC_WARN_UNDECLARED_SELECTOR = YES;
				GCC_WARN_UNINITIALIZED_AUTOS = YES_AGGRESSIVE;
				GCC_WARN_UNUSED_FUNCTION = YES;
				GCC_WARN_UNUSED_VARIABLE = YES;
				IPHONEOS_DEPLOYMENT_TARGET = 12.2;
				MTL_ENABLE_DEBUG_INFO = INCLUDE_SOURCE;
				MTL_FAST_MATH = YES;
				ONLY_ACTIVE_ARCH = YES;
				SDKROOT = iphoneos;
				SWIFT_ACTIVE_COMPILATION_CONDITIONS = DEBUG;
				SWIFT_OPTIMIZATION_LEVEL = "-Onone";
			};
			name = Debug;
		};
		E33365C12262CC1600EB10F6 /* Release */ = {
			isa = XCBuildConfiguration;
			buildSettings = {
				ALWAYS_SEARCH_USER_PATHS = NO;
				CLANG_ANALYZER_NONNULL = YES;
				CLANG_ANALYZER_NUMBER_OBJECT_CONVERSION = YES_AGGRESSIVE;
				CLANG_CXX_LANGUAGE_STANDARD = "gnu++14";
				CLANG_CXX_LIBRARY = "libc++";
				CLANG_ENABLE_MODULES = YES;
				CLANG_ENABLE_OBJC_ARC = YES;
				CLANG_ENABLE_OBJC_WEAK = YES;
				CLANG_WARN_BLOCK_CAPTURE_AUTORELEASING = YES;
				CLANG_WARN_BOOL_CONVERSION = YES;
				CLANG_WARN_COMMA = YES;
				CLANG_WARN_CONSTANT_CONVERSION = YES;
				CLANG_WARN_DEPRECATED_OBJC_IMPLEMENTATIONS = YES;
				CLANG_WARN_DIRECT_OBJC_ISA_USAGE = YES_ERROR;
				CLANG_WARN_DOCUMENTATION_COMMENTS = YES;
				CLANG_WARN_EMPTY_BODY = YES;
				CLANG_WARN_ENUM_CONVERSION = YES;
				CLANG_WARN_INFINITE_RECURSION = YES;
				CLANG_WARN_INT_CONVERSION = YES;
				CLANG_WARN_NON_LITERAL_NULL_CONVERSION = YES;
				CLANG_WARN_OBJC_IMPLICIT_RETAIN_SELF = YES;
				CLANG_WARN_OBJC_LITERAL_CONVERSION = YES;
				CLANG_WARN_OBJC_ROOT_CLASS = YES_ERROR;
				CLANG_WARN_RANGE_LOOP_ANALYSIS = YES;
				CLANG_WARN_STRICT_PROTOTYPES = YES;
				CLANG_WARN_SUSPICIOUS_MOVE = YES;
				CLANG_WARN_UNGUARDED_AVAILABILITY = YES_AGGRESSIVE;
				CLANG_WARN_UNREACHABLE_CODE = YES;
				CLANG_WARN__DUPLICATE_METHOD_MATCH = YES;
				CODE_SIGN_IDENTITY = "iPhone Developer";
				COPY_PHASE_STRIP = NO;
				DEBUG_INFORMATION_FORMAT = "dwarf-with-dsym";
				ENABLE_NS_ASSERTIONS = NO;
				ENABLE_STRICT_OBJC_MSGSEND = YES;
				GCC_C_LANGUAGE_STANDARD = gnu11;
				GCC_NO_COMMON_BLOCKS = YES;
				GCC_WARN_64_TO_32_BIT_CONVERSION = YES;
				GCC_WARN_ABOUT_RETURN_TYPE = YES_ERROR;
				GCC_WARN_UNDECLARED_SELECTOR = YES;
				GCC_WARN_UNINITIALIZED_AUTOS = YES_AGGRESSIVE;
				GCC_WARN_UNUSED_FUNCTION = YES;
				GCC_WARN_UNUSED_VARIABLE = YES;
				IPHONEOS_DEPLOYMENT_TARGET = 12.2;
				MTL_ENABLE_DEBUG_INFO = NO;
				MTL_FAST_MATH = YES;
				SDKROOT = iphoneos;
				SWIFT_COMPILATION_MODE = wholemodule;
				SWIFT_OPTIMIZATION_LEVEL = "-O";
				VALIDATE_PRODUCT = YES;
			};
			name = Release;
		};
		E33365C32262CC1600EB10F6 /* Debug */ = {
			isa = XCBuildConfiguration;
			buildSettings = {
				ASSETCATALOG_COMPILER_APPICON_NAME = AppIcon;
				CODE_SIGN_STYLE = Automatic;
				DEVELOPMENT_TEAM = 3752X8F5DY;
				INFOPLIST_FILE = TestOne/Info.plist;
				IPHONEOS_DEPLOYMENT_TARGET = 11.0;
				LD_RUNPATH_SEARCH_PATHS = (
					"$(inherited)",
					"@executable_path/Frameworks",
				);
				PRODUCT_BUNDLE_IDENTIFIER = cn.metroman.TestOne;
				PRODUCT_NAME = "$(TARGET_NAME)";
				SWIFT_VERSION = 5.0;
				TARGETED_DEVICE_FAMILY = 1;
			};
			name = Debug;
		};
		E33365C42262CC1600EB10F6 /* Release */ = {
			isa = XCBuildConfiguration;
			buildSettings = {
				ASSETCATALOG_COMPILER_APPICON_NAME = AppIcon;
				CODE_SIGN_STYLE = Automatic;
				DEVELOPMENT_TEAM = 3752X8F5DY;
				INFOPLIST_FILE = TestOne/Info.plist;
				IPHONEOS_DEPLOYMENT_TARGET = 11.0;
				LD_RUNPATH_SEARCH_PATHS = (
					"$(inherited)",
					"@executable_path/Frameworks",
				);
				PRODUCT_BUNDLE_IDENTIFIER = cn.metroman.TestOne;
				PRODUCT_NAME = "$(TARGET_NAME)";
				SWIFT_VERSION = 5.0;
				TARGETED_DEVICE_FAMILY = 1;
			};
			name = Release;
		};
/* End XCBuildConfiguration section */

/* Begin XCConfigurationList section */
		E33365AB2262CC1400EB10F6 /* Build configuration list for PBXProject "TestOne" */ = {
			isa = XCConfigurationList;
			buildConfigurations = (
				E33365C02262CC1600EB10F6 /* Debug */,
				E33365C12262CC1600EB10F6 /* Release */,
			);
			defaultConfigurationIsVisible = 0;
			defaultConfigurationName = Release;
		};
		E33365C22262CC1600EB10F6 /* Build configuration list for PBXNativeTarget "TestOne" */ = {
			isa = XCConfigurationList;
			buildConfigurations = (
				E33365C32262CC1600EB10F6 /* Debug */,
				E33365C42262CC1600EB10F6 /* Release */,
			);
			defaultConfigurationIsVisible = 0;
			defaultConfigurationName = Release;
		};
/* End XCConfigurationList section */
	};
	rootObject = E33365A82262CC1400EB10F6 /* Project object */;
}
